
Microsoft Visual Studio Solution File, Format Version 12.00
# Visual Studio 15
VisualStudioVersion = 15.0.26730.3
MinimumVisualStudioVersion = 10.0.40219.1
Project("{FAE04EC0-301F-11D3-BF4B-00C04F79EFBC}") = "OpenShiftTeste", "OpenShiftTeste\OpenShiftTeste.csproj", "{3F96A0A7-C29D-4AD8-B692-78AA19FCC736}"
EndProject
Global
	GlobalSection(SolutionConfigurationPlatforms) = preSolution
		Debug|Any CPU = Debug|Any CPU
		Release|Any CPU = Release|Any CPU
	EndGlobalSection
	GlobalSection(ProjectConfigurationPlatforms) = postSolution
		{3F96A0A7-C29D-4AD8-B692-78AA19FCC736}.Debug|Any CPU.ActiveCfg = Debug|Any CPU
		{3F96A0A7-C29D-4AD8-B692-78AA19FCC736}.Debug|Any CPU.Build.0 = Debug|Any CPU
		{3F96A0A7-C29D-4AD8-B692-78AA19FCC736}.Release|Any CPU.ActiveCfg = Release|Any CPU
		{3F96A0A7-C29D-4AD8-B692-78AA19FCC736}.Release|Any CPU.Build.0 = Release|Any CPU
	EndGlobalSection
	GlobalSection(SolutionProperties) = preSolution
		HideSolutionNode = FALSE
	EndGlobalSection
	GlobalSection(ExtensibilityGlobals) = postSolution
		SolutionGuid = {87A54F05-8A87-4A6E-AE90-1B8AC93F5282}
	EndGlobalSection
EndGlobal
